// !$*UTF8*$!
{
	archiveVersion = 1;
	classes = {
	};
	objectVersion = 56;
	objects = {

/* Begin PBXBuildFile section */
		9BEEE0EE288DD3100053D0D1 /* AppDelegate.swift in Sources */ = {isa = PBXBuildFile; fileRef = 9BEEE0ED288DD3100053D0D1 /* AppDelegate.swift */; };
		9BEEE0F0288DD3100053D0D1 /* SceneDelegate.swift in Sources */ = {isa = PBXBuildFile; fileRef = 9BEEE0EF288DD3100053D0D1 /* SceneDelegate.swift */; };
		9BEEE0F2288DD3100053D0D1 /* ViewController.swift in Sources */ = {isa = PBXBuildFile; fileRef = 9BEEE0F1288DD3100053D0D1 /* ViewController.swift */; };
		9BEEE0F5288DD3100053D0D1 /* Main.storyboard in Resources */ = {isa = PBXBuildFile; fileRef = 9BEEE0F3288DD3100053D0D1 /* Main.storyboard */; };
		9BEEE0F7288DD3120053D0D1 /* Assets.xcassets in Resources */ = {isa = PBXBuildFile; fileRef = 9BEEE0F6288DD3120053D0D1 /* Assets.xcassets */; };
		9BEEE0FA288DD3120053D0D1 /* LaunchScreen.storyboard in Resources */ = {isa = PBXBuildFile; fileRef = 9BEEE0F8288DD3120053D0D1 /* LaunchScreen.storyboard */; };
		9BEEE105288DD3120053D0D1 /* PreworkTests.swift in Sources */ = {isa = PBXBuildFile; fileRef = 9BEEE104288DD3120053D0D1 /* PreworkTests.swift */; };
		9BEEE10F288DD3120053D0D1 /* PreworkUITests.swift in Sources */ = {isa = PBXBuildFile; fileRef = 9BEEE10E288DD3120053D0D1 /* PreworkUITests.swift */; };
		9BEEE111288DD3120053D0D1 /* PreworkUITestsLaunchTests.swift in Sources */ = {isa = PBXBuildFile; fileRef = 9BEEE110288DD3120053D0D1 /* PreworkUITestsLaunchTests.swift */; };
		9BEEE11E288DD6C50053D0D1 /* SettingsViewController.swift in Sources */ = {isa = PBXBuildFile; fileRef = 9BEEE11D288DD6C50053D0D1 /* SettingsViewController.swift */; };
/* End PBXBuildFile section */

/* Begin PBXContainerItemProxy section */
		9BEEE101288DD3120053D0D1 /* PBXContainerItemProxy */ = {
			isa = PBXContainerItemProxy;
			containerPortal = 9BEEE0E2288DD3100053D0D1 /* Project object */;
			proxyType = 1;
			remoteGlobalIDString = 9BEEE0E9288DD3100053D0D1;
			remoteInfo = Prework;
		};
		9BEEE10B288DD3120053D0D1 /* PBXContainerItemProxy */ = {
			isa = PBXContainerItemProxy;
			containerPortal = 9BEEE0E2288DD3100053D0D1 /* Project object */;
			proxyType = 1;
			remoteGlobalIDString = 9BEEE0E9288DD3100053D0D1;
			remoteInfo = Prework;
		};
/* End PBXContainerItemProxy section */

/* Begin PBXFileReference section */
		9BEEE0EA288DD3100053D0D1 /* Prework.app */ = {isa = PBXFileReference; explicitFileType = wrapper.application; includeInIndex = 0; path = Prework.app; sourceTree = BUILT_PRODUCTS_DIR; };
		9BEEE0ED288DD3100053D0D1 /* AppDelegate.swift */ = {isa = PBXFileReference; lastKnownFileType = sourcecode.swift; path = AppDelegate.swift; sourceTree = "<group>"; };
		9BEEE0EF288DD3100053D0D1 /* SceneDelegate.swift */ = {isa = PBXFileReference; lastKnownFileType = sourcecode.swift; path = SceneDelegate.swift; sourceTree = "<group>"; };
		9BEEE0F1288DD3100053D0D1 /* ViewController.swift */ = {isa = PBXFileReference; lastKnownFileType = sourcecode.swift; path = ViewController.swift; sourceTree = "<group>"; };
		9BEEE0F4288DD3100053D0D1 /* Base */ = {isa = PBXFileReference; lastKnownFileType = file.storyboard; name = Base; path = Base.lproj/Main.storyboard; sourceTree = "<group>"; };
		9BEEE0F6288DD3120053D0D1 /* Assets.xcassets */ = {isa = PBXFileReference; lastKnownFileType = folder.assetcatalog; path = Assets.xcassets; sourceTree = "<group>"; };
		9BEEE0F9288DD3120053D0D1 /* Base */ = {isa = PBXFileReference; lastKnownFileType = file.storyboard; name = Base; path = Base.lproj/LaunchScreen.storyboard; sourceTree = "<group>"; };
		9BEEE0FB288DD3120053D0D1 /* Info.plist */ = {isa = PBXFileReference; lastKnownFileType = text.plist.xml; path = Info.plist; sourceTree = "<group>"; };
		9BEEE100288DD3120053D0D1 /* PreworkTests.xctest */ = {isa = PBXFileReference; explicitFileType = wrapper.cfbundle; includeInIndex = 0; path = PreworkTests.xctest; sourceTree = BUILT_PRODUCTS_DIR; };
		9BEEE104288DD3120053D0D1 /* PreworkTests.swift */ = {isa = PBXFileReference; lastKnownFileType = sourcecode.swift; path = PreworkTests.swift; sourceTree = "<group>"; };
		9BEEE10A288DD3120053D0D1 /* PreworkUITests.xctest */ = {isa = PBXFileReference; explicitFileType = wrapper.cfbundle; includeInIndex = 0; path = PreworkUITests.xctest; sourceTree = BUILT_PRODUCTS_DIR; };
		9BEEE10E288DD3120053D0D1 /* PreworkUITests.swift */ = {isa = PBXFileReference; lastKnownFileType = sourcecode.swift; path = PreworkUITests.swift; sourceTree = "<group>"; };
		9BEEE110288DD3120053D0D1 /* PreworkUITestsLaunchTests.swift */ = {isa = PBXFileReference; lastKnownFileType = sourcecode.swift; path = PreworkUITestsLaunchTests.swift; sourceTree = "<group>"; };
		9BEEE11D288DD6C50053D0D1 /* SettingsViewController.swift */ = {isa = PBXFileReference; lastKnownFileType = sourcecode.swift; path = SettingsViewController.swift; sourceTree = "<group>"; };
/* End PBXFileReference section */

/* Begin PBXFrameworksBuildPhase section */
		9BEEE0E7288DD3100053D0D1 /* Frameworks */ = {
			isa = PBXFrameworksBuildPhase;
			buildActionMask = 2147483647;
			files = (
			);
			runOnlyForDeploymentPostprocessing = 0;
		};
		9BEEE0FD288DD3120053D0D1 /* Frameworks */ = {
			isa = PBXFrameworksBuildPhase;
			buildActionMask = 2147483647;
			files = (
			);
			runOnlyForDeploymentPostprocessing = 0;
		};
		9BEEE107288DD3120053D0D1 /* Frameworks */ = {
			isa = PBXFrameworksBuildPhase;
			buildActionMask = 2147483647;
			files = (
			);
			runOnlyForDeploymentPostprocessing = 0;
		};
/* End PBXFrameworksBuildPhase section */

/* Begin PBXGroup section */
		9BEEE0E1288DD3100053D0D1 = {
			isa = PBXGroup;
			children = (
				9BEEE0EC288DD3100053D0D1 /* Prework */,
				9BEEE103288DD3120053D0D1 /* PreworkTests */,
				9BEEE10D288DD3120053D0D1 /* PreworkUITests */,
				9BEEE0EB288DD3100053D0D1 /* Products */,
			);
			sourceTree = "<group>";
		};
		9BEEE0EB288DD3100053D0D1 /* Products */ = {
			isa = PBXGroup;
			children = (
				9BEEE0EA288DD3100053D0D1 /* Prework.app */,
				9BEEE100288DD3120053D0D1 /* PreworkTests.xctest */,
				9BEEE10A288DD3120053D0D1 /* PreworkUITests.xctest */,
			);
			name = Products;
			sourceTree = "<group>";
		};
		9BEEE0EC288DD3100053D0D1 /* Prework */ = {
			isa = PBXGroup;
			children = (
				9BEEE0ED288DD3100053D0D1 /* AppDelegate.swift */,
				9BEEE0EF288DD3100053D0D1 /* SceneDelegate.swift */,
				9BEEE0F1288DD3100053D0D1 /* ViewController.swift */,
				9BEEE0F3288DD3100053D0D1 /* Main.storyboard */,
				9BEEE11D288DD6C50053D0D1 /* SettingsViewController.swift */,
				9BEEE0F6288DD3120053D0D1 /* Assets.xcassets */,
				9BEEE0F8288DD3120053D0D1 /* LaunchScreen.storyboard */,
				9BEEE0FB288DD3120053D0D1 /* Info.plist */,
			);
			path = Prework;
			sourceTree = "<group>";
		};
		9BEEE103288DD3120053D0D1 /* PreworkTests */ = {
			isa = PBXGroup;
			children = (
				9BEEE104288DD3120053D0D1 /* PreworkTests.swift */,
			);
			path = PreworkTests;
			sourceTree = "<group>";
		};
		9BEEE10D288DD3120053D0D1 /* PreworkUITests */ = {
			isa = PBXGroup;
			children = (
				9BEEE10E288DD3120053D0D1 /* PreworkUITests.swift */,
				9BEEE110288DD3120053D0D1 /* PreworkUITestsLaunchTests.swift */,
			);
			path = PreworkUITests;
			sourceTree = "<group>";
		};
/* End PBXGroup section */

/* Begin PBXNativeTarget section */
		9BEEE0E9288DD3100053D0D1 /* Prework */ = {
			isa = PBXNativeTarget;
			buildConfigurationList = 9BEEE114288DD3120053D0D1 /* Build configuration list for PBXNativeTarget "Prework" */;
			buildPhases = (
				9BEEE0E6288DD3100053D0D1 /* Sources */,
				9BEEE0E7288DD3100053D0D1 /* Frameworks */,
				9BEEE0E8288DD3100053D0D1 /* Resources */,
			);
			buildRules = (
			);
			dependencies = (
			);
			name = Prework;
			productName = Prework;
			productReference = 9BEEE0EA288DD3100053D0D1 /* Prework.app */;
			productType = "com.apple.product-type.application";
		};
		9BEEE0FF288DD3120053D0D1 /* PreworkTests */ = {
			isa = PBXNativeTarget;
			buildConfigurationList = 9BEEE117288DD3120053D0D1 /* Build configuration list for PBXNativeTarget "PreworkTests" */;
			buildPhases = (
				9BEEE0FC288DD3120053D0D1 /* Sources */,
				9BEEE0FD288DD3120053D0D1 /* Frameworks */,
				9BEEE0FE288DD3120053D0D1 /* Resources */,
			);
			buildRules = (
			);
			dependencies = (
				9BEEE102288DD3120053D0D1 /* PBXTargetDependency */,
			);
			name = PreworkTests;
			productName = PreworkTests;
			productReference = 9BEEE100288DD3120053D0D1 /* PreworkTests.xctest */;
			productType = "com.apple.product-type.bundle.unit-test";
		};
		9BEEE109288DD3120053D0D1 /* PreworkUITests */ = {
			isa = PBXNativeTarget;
			buildConfigurationList = 9BEEE11A288DD3120053D0D1 /* Build configuration list for PBXNativeTarget "PreworkUITests" */;
			buildPhases = (
				9BEEE106288DD3120053D0D1 /* Sources */,
				9BEEE107288DD3120053D0D1 /* Frameworks */,
				9BEEE108288DD3120053D0D1 /* Resources */,
			);
			buildRules = (
			);
			dependencies = (
				9BEEE10C288DD3120053D0D1 /* PBXTargetDependency */,
			);
			name = PreworkUITests;
			productName = PreworkUITests;
			productReference = 9BEEE10A288DD3120053D0D1 /* PreworkUITests.xctest */;
			productType = "com.apple.product-type.bundle.ui-testing";
		};
/* End PBXNativeTarget section */

/* Begin PBXProject section */
		9BEEE0E2288DD3100053D0D1 /* Project object */ = {
			isa = PBXProject;
			attributes = {
				BuildIndependentTargetsInParallel = 1;
				LastSwiftUpdateCheck = 1400;
				LastUpgradeCheck = 1400;
				TargetAttributes = {
					9BEEE0E9288DD3100053D0D1 = {
						CreatedOnToolsVersion = 14.0;
					};
					9BEEE0FF288DD3120053D0D1 = {
						CreatedOnToolsVersion = 14.0;
						TestTargetID = 9BEEE0E9288DD3100053D0D1;
					};
					9BEEE109288DD3120053D0D1 = {
						CreatedOnToolsVersion = 14.0;
						TestTargetID = 9BEEE0E9288DD3100053D0D1;
					};
				};
			};
			buildConfigurationList = 9BEEE0E5288DD3100053D0D1 /* Build configuration list for PBXProject "Prework" */;
			compatibilityVersion = "Xcode 14.0";
			developmentRegion = en;
			hasScannedForEncodings = 0;
			knownRegions = (
				en,
				Base,
			);
			mainGroup = 9BEEE0E1288DD3100053D0D1;
			productRefGroup = 9BEEE0EB288DD3100053D0D1 /* Products */;
			projectDirPath = "";
			projectRoot = "";
			targets = (
				9BEEE0E9288DD3100053D0D1 /* Prework */,
				9BEEE0FF288DD3120053D0D1 /* PreworkTests */,
				9BEEE109288DD3120053D0D1 /* PreworkUITests */,
			);
		};
/* End PBXProject section */

/* Begin PBXResourcesBuildPhase section */
		9BEEE0E8288DD3100053D0D1 /* Resources */ = {
			isa = PBXResourcesBuildPhase;
			buildActionMask = 2147483647;
			files = (
				9BEEE0FA288DD3120053D0D1 /* LaunchScreen.storyboard in Resources */,
				9BEEE0F7288DD3120053D0D1 /* Assets.xcassets in Resources */,
				9BEEE0F5288DD3100053D0D1 /* Main.storyboard in Resources */,
			);
			runOnlyForDeploymentPostprocessing = 0;
		};
		9BEEE0FE288DD3120053D0D1 /* Resources */ = {
			isa = PBXResourcesBuildPhase;
			buildActionMask = 2147483647;
			files = (
			);
			runOnlyForDeploymentPostprocessing = 0;
		};
		9BEEE108288DD3120053D0D1 /* Resources */ = {
			isa = PBXResourcesBuildPhase;
			buildActionMask = 2147483647;
			files = (
			);
			runOnlyForDeploymentPostprocessing = 0;
		};
/* End PBXResourcesBuildPhase section */

/* Begin PBXSourcesBuildPhase section */
		9BEEE0E6288DD3100053D0D1 /* Sources */ = {
			isa = PBXSourcesBuildPhase;
			buildActionMask = 2147483647;
			files = (
				9BEEE0F2288DD3100053D0D1 /* ViewController.swift in Sources */,
				9BEEE0EE288DD3100053D0D1 /* AppDelegate.swift in Sources */,
				9BEEE0F0288DD3100053D0D1 /* SceneDelegate.swift in Sources */,
				9BEEE11E288DD6C50053D0D1 /* SettingsViewController.swift in Sources */,
			);
			runOnlyForDeploymentPostprocessing = 0;
		};
		9BEEE0FC288DD3120053D0D1 /* Sources */ = {
			isa = PBXSourcesBuildPhase;
			buildActionMask = 2147483647;
			files = (
				9BEEE105288DD3120053D0D1 /* PreworkTests.swift in Sources */,
			);
			runOnlyForDeploymentPostprocessing = 0;
		};
		9BEEE106288DD3120053D0D1 /* Sources */ = {
			isa = PBXSourcesBuildPhase;
			buildActionMask = 2147483647;
			files = (
				9BEEE10F288DD3120053D0D1 /* PreworkUITests.swift in Sources */,
				9BEEE111288DD3120053D0D1 /* PreworkUITestsLaunchTests.swift in Sources */,
			);
			runOnlyForDeploymentPostprocessing = 0;
		};
/* End PBXSourcesBuildPhase section */

/* Begin PBXTargetDependency section */
		9BEEE102288DD3120053D0D1 /* PBXTargetDependency */ = {
			isa = PBXTargetDependency;
			target = 9BEEE0E9288DD3100053D0D1 /* Prework */;
			targetProxy = 9BEEE101288DD3120053D0D1 /* PBXContainerItemProxy */;
		};
		9BEEE10C288DD3120053D0D1 /* PBXTargetDependency */ = {
			isa = PBXTargetDependency;
			target = 9BEEE0E9288DD3100053D0D1 /* Prework */;
			targetProxy = 9BEEE10B288DD3120053D0D1 /* PBXContainerItemProxy */;
		};
/* End PBXTargetDependency section */

/* Begin PBXVariantGroup section */
		9BEEE0F3288DD3100053D0D1 /* Main.storyboard */ = {
			isa = PBXVariantGroup;
			children = (
				9BEEE0F4288DD3100053D0D1 /* Base */,
			);
			name = Main.storyboard;
			sourceTree = "<group>";
		};
		9BEEE0F8288DD3120053D0D1 /* LaunchScreen.storyboard */ = {
			isa = PBXVariantGroup;
			children = (
				9BEEE0F9288DD3120053D0D1 /* Base */,
			);
			name = LaunchScreen.storyboard;
			sourceTree = "<group>";
		};
/* End PBXVariantGroup section */

/* Begin XCBuildConfiguration section */
		9BEEE112288DD3120053D0D1 /* Debug */ = {
			isa = XCBuildConfiguration;
			buildSettings = {
				ALWAYS_SEARCH_USER_PATHS = NO;
				CLANG_ANALYZER_NONNULL = YES;
				CLANG_ANALYZER_NUMBER_OBJECT_CONVERSION = YES_AGGRESSIVE;
				CLANG_CXX_LANGUAGE_STANDARD = "gnu++20";
				CLANG_ENABLE_MODULES = YES;
				CLANG_ENABLE_OBJC_ARC = YES;
				CLANG_ENABLE_OBJC_WEAK = YES;
				CLANG_WARN_BLOCK_CAPTURE_AUTORELEASING = YES;
				CLANG_WARN_BOOL_CONVERSION = YES;
				CLANG_WARN_COMMA = YES;
				CLANG_WARN_CONSTANT_CONVERSION = YES;
				CLANG_WARN_DEPRECATED_OBJC_IMPLEMENTATIONS = YES;
				CLANG_WARN_DIRECT_OBJC_ISA_USAGE = YES_ERROR;
				CLANG_WARN_DOCUMENTATION_COMMENTS = YES;
				CLANG_WARN_EMPTY_BODY = YES;
				CLANG_WARN_ENUM_CONVERSION = YES;
				CLANG_WARN_INFINITE_RECURSION = YES;
				CLANG_WARN_INT_CONVERSION = YES;
				CLANG_WARN_NON_LITERAL_NULL_CONVERSION = YES;
				CLANG_WARN_OBJC_IMPLICIT_RETAIN_SELF = YES;
				CLANG_WARN_OBJC_LITERAL_CONVERSION = YES;
				CLANG_WARN_OBJC_ROOT_CLASS = YES_ERROR;
				CLANG_WARN_QUOTED_INCLUDE_IN_FRAMEWORK_HEADER = YES;
				CLANG_WARN_RANGE_LOOP_ANALYSIS = YES;
				CLANG_WARN_STRICT_PROTOTYPES = YES;
				CLANG_WARN_SUSPICIOUS_MOVE = YES;
				CLANG_WARN_UNGUARDED_AVAILABILITY = YES_AGGRESSIVE;
				CLANG_WARN_UNREACHABLE_CODE = YES;
				CLANG_WARN__DUPLICATE_METHOD_MATCH = YES;
				COPY_PHASE_STRIP = NO;
				DEBUG_INFORMATION_FORMAT = dwarf;
				ENABLE_STRICT_OBJC_MSGSEND = YES;
				ENABLE_TESTABILITY = YES;
				GCC_C_LANGUAGE_STANDARD = gnu11;
				GCC_DYNAMIC_NO_PIC = NO;
				GCC_NO_COMMON_BLOCKS = YES;
				GCC_OPTIMIZATION_LEVEL = 0;
				GCC_PREPROCESSOR_DEFINITIONS = (
					"DEBUG=1",
					"$(inherited)",
				);
				GCC_WARN_64_TO_32_BIT_CONVERSION = YES;
				GCC_WARN_ABOUT_RETURN_TYPE = YES_ERROR;
				GCC_WARN_UNDECLARED_SELECTOR = YES;
				GCC_WARN_UNINITIALIZED_AUTOS = YES_AGGRESSIVE;
				GCC_WARN_UNUSED_FUNCTION = YES;
				GCC_WARN_UNUSED_VARIABLE = YES;
				IPHONEOS_DEPLOYMENT_TARGET = 16.0;
				MTL_ENABLE_DEBUG_INFO = INCLUDE_SOURCE;
				MTL_FAST_MATH = YES;
				ONLY_ACTIVE_ARCH = YES;
				SDKROOT = iphoneos;
				SWIFT_ACTIVE_COMPILATION_CONDITIONS = DEBUG;
				SWIFT_OPTIMIZATION_LEVEL = "-Onone";
			};
			name = Debug;
		};
		9BEEE113288DD3120053D0D1 /* Release */ = {
			isa = XCBuildConfiguration;
			buildSettings = {
				ALWAYS_SEARCH_USER_PATHS = NO;
				CLANG_ANALYZER_NONNULL = YES;
				CLANG_ANALYZER_NUMBER_OBJECT_CONVERSION = YES_AGGRESSIVE;
				CLANG_CXX_LANGUAGE_STANDARD = "gnu++20";
				CLANG_ENABLE_MODULES = YES;
				CLANG_ENABLE_OBJC_ARC = YES;
				CLANG_ENABLE_OBJC_WEAK = YES;
				CLANG_WARN_BLOCK_CAPTURE_AUTORELEASING = YES;
				CLANG_WARN_BOOL_CONVERSION = YES;
				CLANG_WARN_COMMA = YES;
				CLANG_WARN_CONSTANT_CONVERSION = YES;
				CLANG_WARN_DEPRECATED_OBJC_IMPLEMENTATIONS = YES;
				CLANG_WARN_DIRECT_OBJC_ISA_USAGE = YES_ERROR;
				CLANG_WARN_DOCUMENTATION_COMMENTS = YES;
				CLANG_WARN_EMPTY_BODY = YES;
				CLANG_WARN_ENUM_CONVERSION = YES;
				CLANG_WARN_INFINITE_RECURSION = YES;
				CLANG_WARN_INT_CONVERSION = YES;
				CLANG_WARN_NON_LITERAL_NULL_CONVERSION = YES;
				CLANG_WARN_OBJC_IMPLICIT_RETAIN_SELF = YES;
				CLANG_WARN_OBJC_LITERAL_CONVERSION = YES;
				CLANG_WARN_OBJC_ROOT_CLASS = YES_ERROR;
				CLANG_WARN_QUOTED_INCLUDE_IN_FRAMEWORK_HEADER = YES;
				CLANG_WARN_RANGE_LOOP_ANALYSIS = YES;
				CLANG_WARN_STRICT_PROTOTYPES = YES;
				CLANG_WARN_SUSPICIOUS_MOVE = YES;
				CLANG_WARN_UNGUARDED_AVAILABILITY = YES_AGGRESSIVE;
				CLANG_WARN_UNREACHABLE_CODE = YES;
				CLANG_WARN__DUPLICATE_METHOD_MATCH = YES;
				COPY_PHASE_STRIP = NO;
				DEBUG_INFORMATION_FORMAT = "dwarf-with-dsym";
				ENABLE_NS_ASSERTIONS = NO;
				ENABLE_STRICT_OBJC_MSGSEND = YES;
				GCC_C_LANGUAGE_STANDARD = gnu11;
				GCC_NO_COMMON_BLOCKS = YES;
				GCC_WARN_64_TO_32_BIT_CONVERSION = YES;
				GCC_WARN_ABOUT_RETURN_TYPE = YES_ERROR;
				GCC_WARN_UNDECLARED_SELECTOR = YES;
				GCC_WARN_UNINITIALIZED_AUTOS = YES_AGGRESSIVE;
				GCC_WARN_UNUSED_FUNCTION = YES;
				GCC_WARN_UNUSED_VARIABLE = YES;
				IPHONEOS_DEPLOYMENT_TARGET = 16.0;
				MTL_ENABLE_DEBUG_INFO = NO;
				MTL_FAST_MATH = YES;
				SDKROOT = iphoneos;
				SWIFT_COMPILATION_MODE = wholemodule;
				SWIFT_OPTIMIZATION_LEVEL = "-O";
				VALIDATE_PRODUCT = YES;
			};
			name = Release;
		};
		9BEEE115288DD3120053D0D1 /* Debug */ = {
			isa = XCBuildConfiguration;
			buildSettings = {
				ASSETCATALOG_COMPILER_APPICON_NAME = AppIcon;
				ASSETCATALOG_COMPILER_GLOBAL_ACCENT_COLOR_NAME = AccentColor;
				CODE_SIGN_STYLE = Automatic;
				CURRENT_PROJECT_VERSION = 1;
				GENERATE_INFOPLIST_FILE = YES;
				INFOPLIST_FILE = Prework/Info.plist;
				INFOPLIST_KEY_UIApplicationSupportsIndirectInputEvents = YES;
				INFOPLIST_KEY_UILaunchStoryboardName = LaunchScreen;
				INFOPLIST_KEY_UIMainStoryboardFile = Main;
				INFOPLIST_KEY_UISupportedInterfaceOrientations_iPad = "UIInterfaceOrientationPortrait UIInterfaceOrientationPortraitUpsideDown UIInterfaceOrientationLandscapeLeft UIInterfaceOrientationLandscapeRight";
				INFOPLIST_KEY_UISupportedInterfaceOrientations_iPhone = "UIInterfaceOrientationPortrait UIInterfaceOrientationLandscapeLeft UIInterfaceOrientationLandscapeRight";
				LD_RUNPATH_SEARCH_PATHS = (
					"$(inherited)",
					"@executable_path/Frameworks",
				);
				MARKETING_VERSION = 1.0;
				PRODUCT_BUNDLE_IDENTIFIER = memo.com.Prework;
				PRODUCT_NAME = "$(TARGET_NAME)";
				SWIFT_EMIT_LOC_STRINGS = YES;
				SWIFT_VERSION = 5.0;
				TARGETED_DEVICE_FAMILY = "1,2";
			};
			name = Debug;
		};
		9BEEE116288DD3120053D0D1 /* Release */ = {
			isa = XCBuildConfiguration;
			buildSettings = {
				ASSETCATALOG_COMPILER_APPICON_NAME = AppIcon;
				ASSETCATALOG_COMPILER_GLOBAL_ACCENT_COLOR_NAME = AccentColor;
				CODE_SIGN_STYLE = Automatic;
				CURRENT_PROJECT_VERSION = 1;
				GENERATE_INFOPLIST_FILE = YES;
				INFOPLIST_FILE = Prework/Info.plist;
				INFOPLIST_KEY_UIApplicationSupportsIndirectInputEvents = YES;
				INFOPLIST_KEY_UILaunchStoryboardName = LaunchScreen;
				INFOPLIST_KEY_UIMainStoryboardFile = Main;
				INFOPLIST_KEY_UISupportedInterfaceOrientations_iPad = "UIInterfaceOrientationPortrait UIInterfaceOrientationPortraitUpsideDown UIInterfaceOrientationLandscapeLeft UIInterfaceOrientationLandscapeRight";
				INFOPLIST_KEY_UISupportedInterfaceOrientations_iPhone = "UIInterfaceOrientationPortrait UIInterfaceOrientationLandscapeLeft UIInterfaceOrientationLandscapeRight";
				LD_RUNPATH_SEARCH_PATHS = (
					"$(inherited)",
					"@executable_path/Frameworks",
				);
				MARKETING_VERSION = 1.0;
				PRODUCT_BUNDLE_IDENTIFIER = memo.com.Prework;
				PRODUCT_NAME = "$(TARGET_NAME)";
				SWIFT_EMIT_LOC_STRINGS = YES;
				SWIFT_VERSION = 5.0;
				TARGETED_DEVICE_FAMILY = "1,2";
			};
			name = Release;
		};
		9BEEE118288DD3120053D0D1 /* Debug */ = {
			isa = XCBuildConfiguration;
			buildSettings = {
				ALWAYS_EMBED_SWIFT_STANDARD_LIBRARIES = YES;
				BUNDLE_LOADER = "$(TEST_HOST)";
				CODE_SIGN_STYLE = Automatic;
				CURRENT_PROJECT_VERSION = 1;
				GENERATE_INFOPLIST_FILE = YES;
				IPHONEOS_DEPLOYMENT_TARGET = 16.0;
				MARKETING_VERSION = 1.0;
				PRODUCT_BUNDLE_IDENTIFIER = memo.com.PreworkTests;
				PRODUCT_NAME = "$(TARGET_NAME)";
				SWIFT_EMIT_LOC_STRINGS = NO;
				SWIFT_VERSION = 5.0;
				TARGETED_DEVICE_FAMILY = "1,2";
				TEST_HOST = "$(BUILT_PRODUCTS_DIR)/Prework.app/$(BUNDLE_EXECUTABLE_FOLDER_PATH)/Prework";
			};
			name = Debug;
		};
		9BEEE119288DD3120053D0D1 /* Release */ = {
			isa = XCBuildConfiguration;
			buildSettings = {
				ALWAYS_EMBED_SWIFT_STANDARD_LIBRARIES = YES;
				BUNDLE_LOADER = "$(TEST_HOST)";
				CODE_SIGN_STYLE = Automatic;
				CURRENT_PROJECT_VERSION = 1;
				GENERATE_INFOPLIST_FILE = YES;
				IPHONEOS_DEPLOYMENT_TARGET = 16.0;
				MARKETING_VERSION = 1.0;
				PRODUCT_BUNDLE_IDENTIFIER = memo.com.PreworkTests;
				PRODUCT_NAME = "$(TARGET_NAME)";
				SWIFT_EMIT_LOC_STRINGS = NO;
				SWIFT_VERSION = 5.0;
				TARGETED_DEVICE_FAMILY = "1,2";
				TEST_HOST = "$(BUILT_PRODUCTS_DIR)/Prework.app/$(BUNDLE_EXECUTABLE_FOLDER_PATH)/Prework";
			};
			name = Release;
		};
		9BEEE11B288DD3120053D0D1 /* Debug */ = {
			isa = XCBuildConfiguration;
			buildSettings = {
				ALWAYS_EMBED_SWIFT_STANDARD_LIBRARIES = YES;
				CODE_SIGN_STYLE = Automatic;
				CURRENT_PROJECT_VERSION = 1;
				GENERATE_INFOPLIST_FILE = YES;
				MARKETING_VERSION = 1.0;
				PRODUCT_BUNDLE_IDENTIFIER = memo.com.PreworkUITests;
				PRODUCT_NAME = "$(TARGET_NAME)";
				SWIFT_EMIT_LOC_STRINGS = NO;
				SWIFT_VERSION = 5.0;
				TARGETED_DEVICE_FAMILY = "1,2";
				TEST_TARGET_NAME = Prework;
			};
			name = Debug;
		};
		9BEEE11C288DD3120053D0D1 /* Release */ = {
			isa = XCBuildConfiguration;
			buildSettings = {
				ALWAYS_EMBED_SWIFT_STANDARD_LIBRARIES = YES;
				CODE_SIGN_STYLE = Automatic;
				CURRENT_PROJECT_VERSION = 1;
				GENERATE_INFOPLIST_FILE = YES;
				MARKETING_VERSION = 1.0;
				PRODUCT_BUNDLE_IDENTIFIER = memo.com.PreworkUITests;
				PRODUCT_NAME = "$(TARGET_NAME)";
				SWIFT_EMIT_LOC_STRINGS = NO;
				SWIFT_VERSION = 5.0;
				TARGETED_DEVICE_FAMILY = "1,2";
				TEST_TARGET_NAME = Prework;
			};
			name = Release;
		};
/* End XCBuildConfiguration section */

/* Begin XCConfigurationList section */
		9BEEE0E5288DD3100053D0D1 /* Build configuration list for PBXProject "Prework" */ = {
			isa = XCConfigurationList;
			buildConfigurations = (
				9BEEE112288DD3120053D0D1 /* Debug */,
				9BEEE113288DD3120053D0D1 /* Release */,
			);
			defaultConfigurationIsVisible = 0;
			defaultConfigurationName = Release;
		};
		9BEEE114288DD3120053D0D1 /* Build configuration list for PBXNativeTarget "Prework" */ = {
			isa = XCConfigurationList;
			buildConfigurations = (
				9BEEE115288DD3120053D0D1 /* Debug */,
				9BEEE116288DD3120053D0D1 /* Release */,
			);
			defaultConfigurationIsVisible = 0;
			defaultConfigurationName = Release;
		};
		9BEEE117288DD3120053D0D1 /* Build configuration list for PBXNativeTarget "PreworkTests" */ = {
			isa = XCConfigurationList;
			buildConfigurations = (
				9BEEE118288DD3120053D0D1 /* Debug */,
				9BEEE119288DD3120053D0D1 /* Release */,
			);
			defaultConfigurationIsVisible = 0;
			defaultConfigurationName = Release;
		};
		9BEEE11A288DD3120053D0D1 /* Build configuration list for PBXNativeTarget "PreworkUITests" */ = {
			isa = XCConfigurationList;
			buildConfigurations = (
				9BEEE11B288DD3120053D0D1 /* Debug */,
				9BEEE11C288DD3120053D0D1 /* Release */,
			);
			defaultConfigurationIsVisible = 0;
			defaultConfigurationName = Release;
		};
/* End XCConfigurationList section */
	};
	rootObject = 9BEEE0E2288DD3100053D0D1 /* Project object */;
}
